// !$*UTF8*$!
{
	archiveVersion = 1;
	classes = {
	};
	objectVersion = 50;
	objects = {

/* Begin PBXBuildFile section */
		0637E3084DA32FE1818521C7 /* Pods_BloxTestApp.framework in Frameworks */ = {isa = PBXBuildFile; fileRef = EBD1755BA1D7FD1FE7FA83DA /* Pods_BloxTestApp.framework */; };
		AB391F5420C932C0003F911B /* AppDelegate.swift in Sources */ = {isa = PBXBuildFile; fileRef = AB391F5320C932C0003F911B /* AppDelegate.swift */; };
		AB391F5620C932C0003F911B /* SearchViewController.swift in Sources */ = {isa = PBXBuildFile; fileRef = AB391F5520C932C0003F911B /* SearchViewController.swift */; };
		AB391F5920C932C0003F911B /* Main.storyboard in Resources */ = {isa = PBXBuildFile; fileRef = AB391F5720C932C0003F911B /* Main.storyboard */; };
		AB391F5B20C932C1003F911B /* Assets.xcassets in Resources */ = {isa = PBXBuildFile; fileRef = AB391F5A20C932C1003F911B /* Assets.xcassets */; };
		AB391F5E20C932C1003F911B /* LaunchScreen.storyboard in Resources */ = {isa = PBXBuildFile; fileRef = AB391F5C20C932C1003F911B /* LaunchScreen.storyboard */; };
		ABE981D320C93BA2002D2497 /* UITableView+.swift in Sources */ = {isa = PBXBuildFile; fileRef = ABE981D220C93BA2002D2497 /* UITableView+.swift */; };
		ABE981D620C93C7B002D2497 /* RepositoryCell.swift in Sources */ = {isa = PBXBuildFile; fileRef = ABE981D520C93C7B002D2497 /* RepositoryCell.swift */; };
		ABE981D820C93F83002D2497 /* GitHubRouter.swift in Sources */ = {isa = PBXBuildFile; fileRef = ABE981D720C93F83002D2497 /* GitHubRouter.swift */; };
		ABE981DB20C945BE002D2497 /* SearchViewModel.swift in Sources */ = {isa = PBXBuildFile; fileRef = ABE981DA20C945BE002D2497 /* SearchViewModel.swift */; };
		ABE981DD20C945DF002D2497 /* Repository.swift in Sources */ = {isa = PBXBuildFile; fileRef = ABE981DC20C945DF002D2497 /* Repository.swift */; };
		ABE981E120C94AA7002D2497 /* GitHubApiService.swift in Sources */ = {isa = PBXBuildFile; fileRef = ABE981E020C94AA7002D2497 /* GitHubApiService.swift */; };
		ABE981E820C95EAF002D2497 /* UserRepositoriesViewController.swift in Sources */ = {isa = PBXBuildFile; fileRef = ABE981E720C95EAF002D2497 /* UserRepositoriesViewController.swift */; };
/* End PBXBuildFile section */

/* Begin PBXFileReference section */
		43181E715E63CB5D623A07AA /* Pods-BloxTestApp.debug.xcconfig */ = {isa = PBXFileReference; includeInIndex = 1; lastKnownFileType = text.xcconfig; name = "Pods-BloxTestApp.debug.xcconfig"; path = "Pods/Target Support Files/Pods-BloxTestApp/Pods-BloxTestApp.debug.xcconfig"; sourceTree = "<group>"; };
		AB391F5020C932C0003F911B /* BloxTestApp.app */ = {isa = PBXFileReference; explicitFileType = wrapper.application; includeInIndex = 0; path = BloxTestApp.app; sourceTree = BUILT_PRODUCTS_DIR; };
		AB391F5320C932C0003F911B /* AppDelegate.swift */ = {isa = PBXFileReference; lastKnownFileType = sourcecode.swift; path = AppDelegate.swift; sourceTree = "<group>"; };
		AB391F5520C932C0003F911B /* SearchViewController.swift */ = {isa = PBXFileReference; lastKnownFileType = sourcecode.swift; path = SearchViewController.swift; sourceTree = "<group>"; };
		AB391F5820C932C0003F911B /* Base */ = {isa = PBXFileReference; lastKnownFileType = file.storyboard; name = Base; path = Base.lproj/Main.storyboard; sourceTree = "<group>"; };
		AB391F5A20C932C1003F911B /* Assets.xcassets */ = {isa = PBXFileReference; lastKnownFileType = folder.assetcatalog; path = Assets.xcassets; sourceTree = "<group>"; };
		AB391F5D20C932C1003F911B /* Base */ = {isa = PBXFileReference; lastKnownFileType = file.storyboard; name = Base; path = Base.lproj/LaunchScreen.storyboard; sourceTree = "<group>"; };
		AB391F5F20C932C1003F911B /* Info.plist */ = {isa = PBXFileReference; lastKnownFileType = text.plist.xml; path = Info.plist; sourceTree = "<group>"; };
		ABE981D220C93BA2002D2497 /* UITableView+.swift */ = {isa = PBXFileReference; lastKnownFileType = sourcecode.swift; path = "UITableView+.swift"; sourceTree = "<group>"; };
		ABE981D520C93C7B002D2497 /* RepositoryCell.swift */ = {isa = PBXFileReference; lastKnownFileType = sourcecode.swift; path = RepositoryCell.swift; sourceTree = "<group>"; };
		ABE981D720C93F83002D2497 /* GitHubRouter.swift */ = {isa = PBXFileReference; lastKnownFileType = sourcecode.swift; path = GitHubRouter.swift; sourceTree = "<group>"; };
		ABE981DA20C945BE002D2497 /* SearchViewModel.swift */ = {isa = PBXFileReference; lastKnownFileType = sourcecode.swift; path = SearchViewModel.swift; sourceTree = "<group>"; };
		ABE981DC20C945DF002D2497 /* Repository.swift */ = {isa = PBXFileReference; lastKnownFileType = sourcecode.swift; path = Repository.swift; sourceTree = "<group>"; };
		ABE981E020C94AA7002D2497 /* GitHubApiService.swift */ = {isa = PBXFileReference; lastKnownFileType = sourcecode.swift; path = GitHubApiService.swift; sourceTree = "<group>"; };
		ABE981E720C95EAF002D2497 /* UserRepositoriesViewController.swift */ = {isa = PBXFileReference; lastKnownFileType = sourcecode.swift; path = UserRepositoriesViewController.swift; sourceTree = "<group>"; };
		E01D3586CA5F28C0887AE425 /* Pods-BloxTestApp.release.xcconfig */ = {isa = PBXFileReference; includeInIndex = 1; lastKnownFileType = text.xcconfig; name = "Pods-BloxTestApp.release.xcconfig"; path = "Pods/Target Support Files/Pods-BloxTestApp/Pods-BloxTestApp.release.xcconfig"; sourceTree = "<group>"; };
		EBD1755BA1D7FD1FE7FA83DA /* Pods_BloxTestApp.framework */ = {isa = PBXFileReference; explicitFileType = wrapper.framework; includeInIndex = 0; path = Pods_BloxTestApp.framework; sourceTree = BUILT_PRODUCTS_DIR; };
/* End PBXFileReference section */

/* Begin PBXFrameworksBuildPhase section */
		AB391F4D20C932C0003F911B /* Frameworks */ = {
			isa = PBXFrameworksBuildPhase;
			buildActionMask = 2147483647;
			files = (
				0637E3084DA32FE1818521C7 /* Pods_BloxTestApp.framework in Frameworks */,
			);
			runOnlyForDeploymentPostprocessing = 0;
		};
/* End PBXFrameworksBuildPhase section */

/* Begin PBXGroup section */
		2176F6258DB4EFF07359C479 /* Pods */ = {
			isa = PBXGroup;
			children = (
				43181E715E63CB5D623A07AA /* Pods-BloxTestApp.debug.xcconfig */,
				E01D3586CA5F28C0887AE425 /* Pods-BloxTestApp.release.xcconfig */,
			);
			name = Pods;
			sourceTree = "<group>";
		};
		AB391F4720C932C0003F911B = {
			isa = PBXGroup;
			children = (
				AB391F5220C932C0003F911B /* BloxTestApp */,
				AB391F5120C932C0003F911B /* Products */,
				2176F6258DB4EFF07359C479 /* Pods */,
				C255EA4A3153FD6ECBA15FEA /* Frameworks */,
			);
			sourceTree = "<group>";
		};
		AB391F5120C932C0003F911B /* Products */ = {
			isa = PBXGroup;
			children = (
				AB391F5020C932C0003F911B /* BloxTestApp.app */,
			);
			name = Products;
			sourceTree = "<group>";
		};
		AB391F5220C932C0003F911B /* BloxTestApp */ = {
			isa = PBXGroup;
			children = (
				ABE981E420C95E16002D2497 /* Shared */,
				ABE981E320C95E02002D2497 /* Scenes */,
				ABE981D420C93BA7002D2497 /* Utils */,
				AB391F5320C932C0003F911B /* AppDelegate.swift */,
				AB391F5720C932C0003F911B /* Main.storyboard */,
				AB391F5A20C932C1003F911B /* Assets.xcassets */,
				AB391F5C20C932C1003F911B /* LaunchScreen.storyboard */,
				AB391F5F20C932C1003F911B /* Info.plist */,
			);
			path = BloxTestApp;
			sourceTree = "<group>";
		};
		ABE981D420C93BA7002D2497 /* Utils */ = {
			isa = PBXGroup;
			children = (
				ABE981D220C93BA2002D2497 /* UITableView+.swift */,
			);
			path = Utils;
			sourceTree = "<group>";
		};
		ABE981D920C94170002D2497 /* Network */ = {
			isa = PBXGroup;
			children = (
				ABE981D720C93F83002D2497 /* GitHubRouter.swift */,
				ABE981E020C94AA7002D2497 /* GitHubApiService.swift */,
			);
			path = Network;
			sourceTree = "<group>";
		};
		ABE981DE20C945ED002D2497 /* Model */ = {
			isa = PBXGroup;
			children = (
				ABE981DC20C945DF002D2497 /* Repository.swift */,
			);
			path = Model;
			sourceTree = "<group>";
		};
		ABE981E220C95DF4002D2497 /* Search */ = {
			isa = PBXGroup;
			children = (
				AB391F5520C932C0003F911B /* SearchViewController.swift */,
				ABE981DA20C945BE002D2497 /* SearchViewModel.swift */,
			);
			path = Search;
			sourceTree = "<group>";
		};
		ABE981E320C95E02002D2497 /* Scenes */ = {
			isa = PBXGroup;
			children = (
				ABE981E220C95DF4002D2497 /* Search */,
				ABE981E620C95E68002D2497 /* UserRepositories */,
				ABE981D520C93C7B002D2497 /* RepositoryCell.swift */,
			);
			path = Scenes;
			sourceTree = "<group>";
		};
		ABE981E420C95E16002D2497 /* Shared */ = {
			isa = PBXGroup;
			children = (
				ABE981D920C94170002D2497 /* Network */,
				ABE981DE20C945ED002D2497 /* Model */,
			);
			path = Shared;
			sourceTree = "<group>";
		};
		ABE981E620C95E68002D2497 /* UserRepositories */ = {
			isa = PBXGroup;
			children = (
				ABE981E720C95EAF002D2497 /* UserRepositoriesViewController.swift */,
			);
			path = UserRepositories;
			sourceTree = "<group>";
		};
		C255EA4A3153FD6ECBA15FEA /* Frameworks */ = {
			isa = PBXGroup;
			children = (
				EBD1755BA1D7FD1FE7FA83DA /* Pods_BloxTestApp.framework */,
			);
			name = Frameworks;
			sourceTree = "<group>";
		};
/* End PBXGroup section */

/* Begin PBXNativeTarget section */
		AB391F4F20C932C0003F911B /* BloxTestApp */ = {
			isa = PBXNativeTarget;
			buildConfigurationList = AB391F6220C932C1003F911B /* Build configuration list for PBXNativeTarget "BloxTestApp" */;
			buildPhases = (
				567EC461ADD9BDAB9965B953 /* [CP] Check Pods Manifest.lock */,
				AB391F4C20C932C0003F911B /* Sources */,
				AB391F4D20C932C0003F911B /* Frameworks */,
				AB391F4E20C932C0003F911B /* Resources */,
				157B892E5652589D095CC817 /* [CP] Embed Pods Frameworks */,
				A379BC6000C5BE60560B231E /* [CP] Copy Pods Resources */,
			);
			buildRules = (
			);
			dependencies = (
			);
			name = BloxTestApp;
			productName = BloxTestApp;
			productReference = AB391F5020C932C0003F911B /* BloxTestApp.app */;
			productType = "com.apple.product-type.application";
		};
/* End PBXNativeTarget section */

/* Begin PBXProject section */
		AB391F4820C932C0003F911B /* Project object */ = {
			isa = PBXProject;
			attributes = {
				LastSwiftUpdateCheck = 0940;
				LastUpgradeCheck = 0940;
				ORGANIZATIONNAME = "Alex Alexandrovych";
				TargetAttributes = {
					AB391F4F20C932C0003F911B = {
						CreatedOnToolsVersion = 9.4;
					};
				};
			};
			buildConfigurationList = AB391F4B20C932C0003F911B /* Build configuration list for PBXProject "BloxTestApp" */;
			compatibilityVersion = "Xcode 9.3";
			developmentRegion = en;
			hasScannedForEncodings = 0;
			knownRegions = (
				en,
				Base,
			);
			mainGroup = AB391F4720C932C0003F911B;
			productRefGroup = AB391F5120C932C0003F911B /* Products */;
			projectDirPath = "";
			projectRoot = "";
			targets = (
				AB391F4F20C932C0003F911B /* BloxTestApp */,
			);
		};
/* End PBXProject section */

/* Begin PBXResourcesBuildPhase section */
		AB391F4E20C932C0003F911B /* Resources */ = {
			isa = PBXResourcesBuildPhase;
			buildActionMask = 2147483647;
			files = (
				AB391F5E20C932C1003F911B /* LaunchScreen.storyboard in Resources */,
				AB391F5B20C932C1003F911B /* Assets.xcassets in Resources */,
				AB391F5920C932C0003F911B /* Main.storyboard in Resources */,
			);
			runOnlyForDeploymentPostprocessing = 0;
		};
/* End PBXResourcesBuildPhase section */

/* Begin PBXShellScriptBuildPhase section */
		157B892E5652589D095CC817 /* [CP] Embed Pods Frameworks */ = {
			isa = PBXShellScriptBuildPhase;
			buildActionMask = 2147483647;
			files = (
			);
			inputPaths = (
				"${SRCROOT}/Pods/Target Support Files/Pods-BloxTestApp/Pods-BloxTestApp-frameworks.sh",
				"${BUILT_PRODUCTS_DIR}/Alamofire/Alamofire.framework",
			);
			name = "[CP] Embed Pods Frameworks";
			outputPaths = (
				"${TARGET_BUILD_DIR}/${FRAMEWORKS_FOLDER_PATH}/Alamofire.framework",
			);
			runOnlyForDeploymentPostprocessing = 0;
			shellPath = /bin/sh;
			shellScript = "\"${SRCROOT}/Pods/Target Support Files/Pods-BloxTestApp/Pods-BloxTestApp-frameworks.sh\"\n";
			showEnvVarsInLog = 0;
		};
		567EC461ADD9BDAB9965B953 /* [CP] Check Pods Manifest.lock */ = {
			isa = PBXShellScriptBuildPhase;
			buildActionMask = 2147483647;
			files = (
			);
			inputPaths = (
				"${PODS_PODFILE_DIR_PATH}/Podfile.lock",
				"${PODS_ROOT}/Manifest.lock",
			);
			name = "[CP] Check Pods Manifest.lock";
			outputPaths = (
				"$(DERIVED_FILE_DIR)/Pods-BloxTestApp-checkManifestLockResult.txt",
			);
			runOnlyForDeploymentPostprocessing = 0;
			shellPath = /bin/sh;
			shellScript = "diff \"${PODS_PODFILE_DIR_PATH}/Podfile.lock\" \"${PODS_ROOT}/Manifest.lock\" > /dev/null\nif [ $? != 0 ] ; then\n    # print error to STDERR\n    echo \"error: The sandbox is not in sync with the Podfile.lock. Run 'pod install' or update your CocoaPods installation.\" >&2\n    exit 1\nfi\n# This output is used by Xcode 'outputs' to avoid re-running this script phase.\necho \"SUCCESS\" > \"${SCRIPT_OUTPUT_FILE_0}\"\n";
			showEnvVarsInLog = 0;
		};
		A379BC6000C5BE60560B231E /* [CP] Copy Pods Resources */ = {
			isa = PBXShellScriptBuildPhase;
			buildActionMask = 2147483647;
			files = (
			);
			inputPaths = (
			);
			name = "[CP] Copy Pods Resources";
			outputPaths = (
			);
			runOnlyForDeploymentPostprocessing = 0;
			shellPath = /bin/sh;
			shellScript = "\"${SRCROOT}/Pods/Target Support Files/Pods-BloxTestApp/Pods-BloxTestApp-resources.sh\"\n";
			showEnvVarsInLog = 0;
		};
/* End PBXShellScriptBuildPhase section */

/* Begin PBXSourcesBuildPhase section */
		AB391F4C20C932C0003F911B /* Sources */ = {
			isa = PBXSourcesBuildPhase;
			buildActionMask = 2147483647;
			files = (
				ABE981DD20C945DF002D2497 /* Repository.swift in Sources */,
				ABE981D320C93BA2002D2497 /* UITableView+.swift in Sources */,
				AB391F5620C932C0003F911B /* SearchViewController.swift in Sources */,
				AB391F5420C932C0003F911B /* AppDelegate.swift in Sources */,
				ABE981E820C95EAF002D2497 /* UserRepositoriesViewController.swift in Sources */,
				ABE981DB20C945BE002D2497 /* SearchViewModel.swift in Sources */,
				ABE981D820C93F83002D2497 /* GitHubRouter.swift in Sources */,
				ABE981D620C93C7B002D2497 /* RepositoryCell.swift in Sources */,
				ABE981E120C94AA7002D2497 /* GitHubApiService.swift in Sources */,
			);
			runOnlyForDeploymentPostprocessing = 0;
		};
/* End PBXSourcesBuildPhase section */

/* Begin PBXVariantGroup section */
		AB391F5720C932C0003F911B /* Main.storyboard */ = {
			isa = PBXVariantGroup;
			children = (
				AB391F5820C932C0003F911B /* Base */,
			);
			name = Main.storyboard;
			sourceTree = "<group>";
		};
		AB391F5C20C932C1003F911B /* LaunchScreen.storyboard */ = {
			isa = PBXVariantGroup;
			children = (
				AB391F5D20C932C1003F911B /* Base */,
			);
			name = LaunchScreen.storyboard;
			sourceTree = "<group>";
		};
/* End PBXVariantGroup section */

/* Begin XCBuildConfiguration section */
		AB391F6020C932C1003F911B /* Debug */ = {
			isa = XCBuildConfiguration;
			buildSettings = {
				ALWAYS_SEARCH_USER_PATHS = NO;
				CLANG_ANALYZER_NONNULL = YES;
				CLANG_ANALYZER_NUMBER_OBJECT_CONVERSION = YES_AGGRESSIVE;
				CLANG_CXX_LANGUAGE_STANDARD = "gnu++14";
				CLANG_CXX_LIBRARY = "libc++";
				CLANG_ENABLE_MODULES = YES;
				CLANG_ENABLE_OBJC_ARC = YES;
				CLANG_ENABLE_OBJC_WEAK = YES;
				CLANG_WARN_BLOCK_CAPTURE_AUTORELEASING = YES;
				CLANG_WARN_BOOL_CONVERSION = YES;
				CLANG_WARN_COMMA = YES;
				CLANG_WARN_CONSTANT_CONVERSION = YES;
				CLANG_WARN_DEPRECATED_OBJC_IMPLEMENTATIONS = YES;
				CLANG_WARN_DIRECT_OBJC_ISA_USAGE = YES_ERROR;
				CLANG_WARN_DOCUMENTATION_COMMENTS = YES;
				CLANG_WARN_EMPTY_BODY = YES;
				CLANG_WARN_ENUM_CONVERSION = YES;
				CLANG_WARN_INFINITE_RECURSION = YES;
				CLANG_WARN_INT_CONVERSION = YES;
				CLANG_WARN_NON_LITERAL_NULL_CONVERSION = YES;
				CLANG_WARN_OBJC_IMPLICIT_RETAIN_SELF = YES;
				CLANG_WARN_OBJC_LITERAL_CONVERSION = YES;
				CLANG_WARN_OBJC_ROOT_CLASS = YES_ERROR;
				CLANG_WARN_RANGE_LOOP_ANALYSIS = YES;
				CLANG_WARN_STRICT_PROTOTYPES = YES;
				CLANG_WARN_SUSPICIOUS_MOVE = YES;
				CLANG_WARN_UNGUARDED_AVAILABILITY = YES_AGGRESSIVE;
				CLANG_WARN_UNREACHABLE_CODE = YES;
				CLANG_WARN__DUPLICATE_METHOD_MATCH = YES;
				CODE_SIGN_IDENTITY = "iPhone Developer";
				COPY_PHASE_STRIP = NO;
				DEBUG_INFORMATION_FORMAT = dwarf;
				ENABLE_STRICT_OBJC_MSGSEND = YES;
				ENABLE_TESTABILITY = YES;
				GCC_C_LANGUAGE_STANDARD = gnu11;
				GCC_DYNAMIC_NO_PIC = NO;
				GCC_NO_COMMON_BLOCKS = YES;
				GCC_OPTIMIZATION_LEVEL = 0;
				GCC_PREPROCESSOR_DEFINITIONS = (
					"DEBUG=1",
					"$(inherited)",
				);
				GCC_WARN_64_TO_32_BIT_CONVERSION = YES;
				GCC_WARN_ABOUT_RETURN_TYPE = YES_ERROR;
				GCC_WARN_UNDECLARED_SELECTOR = YES;
				GCC_WARN_UNINITIALIZED_AUTOS = YES_AGGRESSIVE;
				GCC_WARN_UNUSED_FUNCTION = YES;
				GCC_WARN_UNUSED_VARIABLE = YES;
				IPHONEOS_DEPLOYMENT_TARGET = 11.4;
				MTL_ENABLE_DEBUG_INFO = YES;
				ONLY_ACTIVE_ARCH = YES;
				SDKROOT = iphoneos;
				SWIFT_ACTIVE_COMPILATION_CONDITIONS = DEBUG;
				SWIFT_OPTIMIZATION_LEVEL = "-Onone";
			};
			name = Debug;
		};
		AB391F6120C932C1003F911B /* Release */ = {
			isa = XCBuildConfiguration;
			buildSettings = {
				ALWAYS_SEARCH_USER_PATHS = NO;
				CLANG_ANALYZER_NONNULL = YES;
				CLANG_ANALYZER_NUMBER_OBJECT_CONVERSION = YES_AGGRESSIVE;
				CLANG_CXX_LANGUAGE_STANDARD = "gnu++14";
				CLANG_CXX_LIBRARY = "libc++";
				CLANG_ENABLE_MODULES = YES;
				CLANG_ENABLE_OBJC_ARC = YES;
				CLANG_ENABLE_OBJC_WEAK = YES;
				CLANG_WARN_BLOCK_CAPTURE_AUTORELEASING = YES;
				CLANG_WARN_BOOL_CONVERSION = YES;
				CLANG_WARN_COMMA = YES;
				CLANG_WARN_CONSTANT_CONVERSION = YES;
				CLANG_WARN_DEPRECATED_OBJC_IMPLEMENTATIONS = YES;
				CLANG_WARN_DIRECT_OBJC_ISA_USAGE = YES_ERROR;
				CLANG_WARN_DOCUMENTATION_COMMENTS = YES;
				CLANG_WARN_EMPTY_BODY = YES;
				CLANG_WARN_ENUM_CONVERSION = YES;
				CLANG_WARN_INFINITE_RECURSION = YES;
				CLANG_WARN_INT_CONVERSION = YES;
				CLANG_WARN_NON_LITERAL_NULL_CONVERSION = YES;
				CLANG_WARN_OBJC_IMPLICIT_RETAIN_SELF = YES;
				CLANG_WARN_OBJC_LITERAL_CONVERSION = YES;
				CLANG_WARN_OBJC_ROOT_CLASS = YES_ERROR;
				CLANG_WARN_RANGE_LOOP_ANALYSIS = YES;
				CLANG_WARN_STRICT_PROTOTYPES = YES;
				CLANG_WARN_SUSPICIOUS_MOVE = YES;
				CLANG_WARN_UNGUARDED_AVAILABILITY = YES_AGGRESSIVE;
				CLANG_WARN_UNREACHABLE_CODE = YES;
				CLANG_WARN__DUPLICATE_METHOD_MATCH = YES;
				CODE_SIGN_IDENTITY = "iPhone Developer";
				COPY_PHASE_STRIP = NO;
				DEBUG_INFORMATION_FORMAT = "dwarf-with-dsym";
				ENABLE_NS_ASSERTIONS = NO;
				ENABLE_STRICT_OBJC_MSGSEND = YES;
				GCC_C_LANGUAGE_STANDARD = gnu11;
				GCC_NO_COMMON_BLOCKS = YES;
				GCC_WARN_64_TO_32_BIT_CONVERSION = YES;
				GCC_WARN_ABOUT_RETURN_TYPE = YES_ERROR;
				GCC_WARN_UNDECLARED_SELECTOR = YES;
				GCC_WARN_UNINITIALIZED_AUTOS = YES_AGGRESSIVE;
				GCC_WARN_UNUSED_FUNCTION = YES;
				GCC_WARN_UNUSED_VARIABLE = YES;
				IPHONEOS_DEPLOYMENT_TARGET = 11.4;
				MTL_ENABLE_DEBUG_INFO = NO;
				SDKROOT = iphoneos;
				SWIFT_COMPILATION_MODE = wholemodule;
				SWIFT_OPTIMIZATION_LEVEL = "-O";
				VALIDATE_PRODUCT = YES;
			};
			name = Release;
		};
		AB391F6320C932C1003F911B /* Debug */ = {
			isa = XCBuildConfiguration;
			baseConfigurationReference = 43181E715E63CB5D623A07AA /* Pods-BloxTestApp.debug.xcconfig */;
			buildSettings = {
				ASSETCATALOG_COMPILER_APPICON_NAME = AppIcon;
				CODE_SIGN_STYLE = Automatic;
				DEVELOPMENT_TEAM = WBB4QL456R;
				INFOPLIST_FILE = BloxTestApp/Info.plist;
				LD_RUNPATH_SEARCH_PATHS = (
					"$(inherited)",
					"@executable_path/Frameworks",
				);
				PRODUCT_BUNDLE_IDENTIFIER = com.alexalex.BloxTestApp;
				PRODUCT_NAME = "$(TARGET_NAME)";
				SWIFT_VERSION = 4.0;
				TARGETED_DEVICE_FAMILY = "1,2";
			};
			name = Debug;
		};
		AB391F6420C932C1003F911B /* Release */ = {
			isa = XCBuildConfiguration;
			baseConfigurationReference = E01D3586CA5F28C0887AE425 /* Pods-BloxTestApp.release.xcconfig */;
			buildSettings = {
				ASSETCATALOG_COMPILER_APPICON_NAME = AppIcon;
				CODE_SIGN_STYLE = Automatic;
				DEVELOPMENT_TEAM = WBB4QL456R;
				INFOPLIST_FILE = BloxTestApp/Info.plist;
				LD_RUNPATH_SEARCH_PATHS = (
					"$(inherited)",
					"@executable_path/Frameworks",
				);
				PRODUCT_BUNDLE_IDENTIFIER = com.alexalex.BloxTestApp;
				PRODUCT_NAME = "$(TARGET_NAME)";
				SWIFT_VERSION = 4.0;
				TARGETED_DEVICE_FAMILY = "1,2";
			};
			name = Release;
		};
/* End XCBuildConfiguration section */

/* Begin XCConfigurationList section */
		AB391F4B20C932C0003F911B /* Build configuration list for PBXProject "BloxTestApp" */ = {
			isa = XCConfigurationList;
			buildConfigurations = (
				AB391F6020C932C1003F911B /* Debug */,
				AB391F6120C932C1003F911B /* Release */,
			);
			defaultConfigurationIsVisible = 0;
			defaultConfigurationName = Release;
		};
		AB391F6220C932C1003F911B /* Build configuration list for PBXNativeTarget "BloxTestApp" */ = {
			isa = XCConfigurationList;
			buildConfigurations = (
				AB391F6320C932C1003F911B /* Debug */,
				AB391F6420C932C1003F911B /* Release */,
			);
			defaultConfigurationIsVisible = 0;
			defaultConfigurationName = Release;
		};
/* End XCConfigurationList section */
	};
	rootObject = AB391F4820C932C0003F911B /* Project object */;
}
